<?xml version="1.0" encoding="utf-8"?>
<Project ToolsVersion="4.0" xmlns="http://schemas.microsoft.com/developer/msbuild/2003">
  <ItemGroup>
    <Filter Include="ソース ファイル">
      <UniqueIdentifier>{4FC737F1-C7A5-4376-A066-2A32D752A2FF}</UniqueIdentifier>
      <Extensions>cpp;c;cc;cxx;c++;cppm;ixx;def;odl;idl;hpj;bat;asm;asmx</Extensions>
    </Filter>
    <Filter Include="ヘッダー ファイル">
      <UniqueIdentifier>{93995380-89BD-4b04-88EB-625FBE52EBFB}</UniqueIdentifier>
      <Extensions>h;hh;hpp;hxx;h++;hm;inl;inc;ipp;xsd</Extensions>
    </Filter>
    <Filter Include="リソース ファイル">
      <UniqueIdentifier>{67DA6AB6-F800-4c08-8B7A-83BB121AAD01}</UniqueIdentifier>
      <Extensions>rc;ico;cur;bmp;dlg;rc2;rct;bin;rgs;gif;jpg;jpeg;jpe;resx;tiff;tif;png;wav;mfcribbon-ms</Extensions>
    </Filter>
    <Filter Include="ソース ファイル\directx">
      <UniqueIdentifier>{de92dc51-bd8c-4e01-9a96-eeb0c1d9924b}</UniqueIdentifier>
    </Filter>
    <Filter Include="ヘッダー ファイル\directx">
      <UniqueIdentifier>{ca938eb5-e280-4a84-a3cf-2acfa6296376}</UniqueIdentifier>
    </Filter>
    <Filter Include="ソース ファイル\directx\buffer">
      <UniqueIdentifier>{d0e9e3f5-004c-4b8f-a941-fe84b6dc7af1}</UniqueIdentifier>
    </Filter>
    <Filter Include="ヘッダー ファイル\directx\buffer">
      <UniqueIdentifier>{b38f4572-ac44-4657-b0ce-690bc983cf09}</UniqueIdentifier>
    </Filter>
  </ItemGroup>
  <ItemGroup>
    <ClInclude Include="Util.h">
      <Filter>ヘッダー ファイル</Filter>
    </ClInclude>
    <ClInclude Include="Application.h">
      <Filter>ヘッダー ファイル</Filter>
    </ClInclude>
    <ClInclude Include="DXCommand.h">
      <Filter>ヘッダー ファイル\directx</Filter>
    </ClInclude>
    <ClInclude Include="DXDevice.h">
      <Filter>ヘッダー ファイル\directx</Filter>
    </ClInclude>
    <ClInclude Include="DXFactory.h">
      <Filter>ヘッダー ファイル\directx</Filter>
    </ClInclude>
    <ClInclude Include="DXFence.h">
      <Filter>ヘッダー ファイル\directx</Filter>
    </ClInclude>
    <ClInclude Include="DXEngine.h">
      <Filter>ヘッダー ファイル\directx</Filter>
    </ClInclude>
    <ClInclude Include="DXUtil.h">
      <Filter>ヘッダー ファイル\directx</Filter>
    </ClInclude>
    <ClInclude Include="PMDModel.h">
      <Filter>ヘッダー ファイル\directx</Filter>
    </ClInclude>
    <ClInclude Include="PMDRenderer.h">
      <Filter>ヘッダー ファイル\directx</Filter>
    </ClInclude>
    <ClInclude Include="DXDescriptorHeap.h">
      <Filter>ヘッダー ファイル\directx</Filter>
    </ClInclude>
    <ClInclude Include="DXBuffer.h">
      <Filter>ヘッダー ファイル\directx\buffer</Filter>
    </ClInclude>
    <ClInclude Include="DepthStencilBuffer.h">
      <Filter>ヘッダー ファイル\directx\buffer</Filter>
    </ClInclude>
    <ClInclude Include="ConstantBuffer.h">
      <Filter>ヘッダー ファイル\directx\buffer</Filter>
    </ClInclude>
    <ClInclude Include="Display.h">
      <Filter>ヘッダー ファイル\directx</Filter>
    </ClInclude>
    <ClInclude Include="DisplayMatrix.h">
      <Filter>ヘッダー ファイル\directx</Filter>
    </ClInclude>
    <ClInclude Include="GlobalDescriptorHeap.h">
      <Filter>ヘッダー ファイル\directx</Filter>
    </ClInclude>
  </ItemGroup>
  <ItemGroup>
    <ClCompile Include="main.cpp">
      <Filter>ソース ファイル</Filter>
    </ClCompile>
    <ClCompile Include="Util.cpp">
      <Filter>ソース ファイル</Filter>
    </ClCompile>
    <ClCompile Include="Application.cpp">
      <Filter>ソース ファイル</Filter>
    </ClCompile>
    <ClCompile Include="DXCommand.cpp">
      <Filter>ソース ファイル\directx</Filter>
    </ClCompile>
    <ClCompile Include="DXDevice.cpp">
      <Filter>ソース ファイル\directx</Filter>
    </ClCompile>
    <ClCompile Include="DXFactory.cpp">
      <Filter>ソース ファイル\directx</Filter>
    </ClCompile>
    <ClCompile Include="DXFence.cpp">
      <Filter>ソース ファイル\directx</Filter>
    </ClCompile>
    <ClCompile Include="DXEngine.cpp">
      <Filter>ソース ファイル\directx</Filter>
    </ClCompile>
    <ClCompile Include="DXUtil.cpp">
      <Filter>ソース ファイル\directx</Filter>
    </ClCompile>
    <ClCompile Include="PMDModel.cpp">
      <Filter>ソース ファイル\directx</Filter>
    </ClCompile>
    <ClCompile Include="PMDRenderer.cpp">
      <Filter>ソース ファイル\directx</Filter>
    </ClCompile>
    <ClCompile Include="DXDescriptorHeap.cpp">
      <Filter>ソース ファイル\directx</Filter>
    </ClCompile>
    <ClCompile Include="DXBuffer.cpp">
      <Filter>ソース ファイル\directx\buffer</Filter>
    </ClCompile>
    <ClCompile Include="DepthStencilBuffer.cpp">
      <Filter>ソース ファイル\directx\buffer</Filter>
    </ClCompile>
    <ClCompile Include="ConstantBuffer.cpp">
      <Filter>ソース ファイル\directx\buffer</Filter>
    </ClCompile>
    <ClCompile Include="Display.cpp">
      <Filter>ソース ファイル\directx</Filter>
    </ClCompile>
    <ClCompile Include="DisplayMatrix.cpp">
      <Filter>ソース ファイル\directx</Filter>
    </ClCompile>
    <ClCompile Include="GlobalDescriptorHeap.cpp">
      <Filter>ソース ファイル\directx</Filter>
    </ClCompile>
  </ItemGroup>
  <ItemGroup>
    <FxCompile Include="BasicPixelShader.hlsl">
      <Filter>リソース ファイル</Filter>
    </FxCompile>
    <FxCompile Include="BasicVertexShader.hlsl">
      <Filter>リソース ファイル</Filter>
    </FxCompile>
  </ItemGroup>
  <ItemGroup>
    <None Include="BasicShaderHeader.hlsli">
      <Filter>リソース ファイル</Filter>
    </None>
    <None Include="ClassDiagram.cd" />
  </ItemGroup>
</Project>