<?xml version="1.0" encoding="utf-8"?>
<Project ToolsVersion="4.0" xmlns="http://schemas.microsoft.com/developer/msbuild/2003">
  <ItemGroup>
    <Filter Include="Source Files">
      <UniqueIdentifier>{4FC737F1-C7A5-4376-A066-2A32D752A2FF}</UniqueIdentifier>
      <Extensions>cpp;c;cc;cxx;def;odl;idl;hpj;bat;asm;asmx</Extensions>
    </Filter>
    <Filter Include="Header Files">
      <UniqueIdentifier>{93995380-89BD-4b04-88EB-625FBE52EBFB}</UniqueIdentifier>
      <Extensions>h;hh;hpp;hxx;hm;inl;inc;ipp;xsd</Extensions>
    </Filter>
    <Filter Include="Resource Files">
      <UniqueIdentifier>{67DA6AB6-F800-4c08-8B7A-83BB121AAD01}</UniqueIdentifier>
      <Extensions>rc;ico;cur;bmp;dlg;rc2;rct;bin;rgs;gif;jpg;jpeg;jpe;resx;tiff;tif;png;wav;mfcribbon-ms</Extensions>
    </Filter>
  </ItemGroup>
  <ItemGroup>
    <ClCompile Include="Application.cpp">
      <Filter>Source Files</Filter>
    </ClCompile>
    <ClCompile Include="directx\buffer\ConstantBuffer.cpp">
      <Filter>Source Files</Filter>
    </ClCompile>
    <ClCompile Include="directx\buffer\DepthStencilBuffer.cpp">
      <Filter>Source Files</Filter>
    </ClCompile>
    <ClCompile Include="directx\buffer\DXBuffer.cpp">
      <Filter>Source Files</Filter>
    </ClCompile>
    <ClCompile Include="directx\descriptor_heap\DescriptorHeapSegment.cpp">
      <Filter>Source Files</Filter>
    </ClCompile>
    <ClCompile Include="directx\descriptor_heap\DescriptorHeapSegmentManager.cpp">
      <Filter>Source Files</Filter>
    </ClCompile>
    <ClCompile Include="directx\descriptor_heap\GlobalDescriptorHeap.cpp">
      <Filter>Source Files</Filter>
    </ClCompile>
    <ClCompile Include="directx\descriptor_heap\GlobalDescriptorHeapManager.cpp">
      <Filter>Source Files</Filter>
    </ClCompile>
    <ClCompile Include="directx\descriptor_heap\ShaderGlobalDescriptorHeap.cpp">
      <Filter>Source Files</Filter>
    </ClCompile>
    <ClCompile Include="directx\Display.cpp">
      <Filter>Source Files</Filter>
    </ClCompile>
    <ClCompile Include="directx\DisplayMatrix.cpp">
      <Filter>Source Files</Filter>
    </ClCompile>
    <ClCompile Include="directx\DXDescriptorHeap.cpp">
      <Filter>Source Files</Filter>
    </ClCompile>
    <ClCompile Include="directx\DXEngine.cpp">
      <Filter>Source Files</Filter>
    </ClCompile>
    <ClCompile Include="directx\DXUtil.cpp">
      <Filter>Source Files</Filter>
    </ClCompile>
    <ClCompile Include="directx\model\PMDModel.cpp">
      <Filter>Source Files</Filter>
    </ClCompile>
    <ClCompile Include="directx\model\PMDRenderer.cpp">
      <Filter>Source Files</Filter>
    </ClCompile>
    <ClCompile Include="directx\resources\DXCommand.cpp">
      <Filter>Source Files</Filter>
    </ClCompile>
    <ClCompile Include="directx\resources\DXDevice.cpp">
      <Filter>Source Files</Filter>
    </ClCompile>
    <ClCompile Include="directx\resources\DXFactory.cpp">
      <Filter>Source Files</Filter>
    </ClCompile>
    <ClCompile Include="directx\resources\DXFence.cpp">
      <Filter>Source Files</Filter>
    </ClCompile>
    <ClCompile Include="main.cpp">
      <Filter>Source Files</Filter>
    </ClCompile>
    <ClCompile Include="Util.cpp">
      <Filter>Source Files</Filter>
    </ClCompile>
  </ItemGroup>
  <ItemGroup>
    <FxCompile Include="shaders\BasePixelShader.hlsl" />
    <FxCompile Include="shaders\BaseVertexShader.hlsl" />
    <FxCompile Include="shaders\BasicPixelShader.hlsl" />
    <FxCompile Include="shaders\BasicVertexShader.hlsl" />
  </ItemGroup>
  <ItemGroup>
    <ClInclude Include="Application.h">
      <Filter>Header Files</Filter>
    </ClInclude>
    <ClInclude Include="directx\buffer\ConstantBuffer.h">
      <Filter>Header Files</Filter>
    </ClInclude>
    <ClInclude Include="directx\buffer\DepthStencilBuffer.h">
      <Filter>Header Files</Filter>
    </ClInclude>
    <ClInclude Include="directx\buffer\DXBuffer.h">
      <Filter>Header Files</Filter>
    </ClInclude>
    <ClInclude Include="directx\descriptor_heap\DescriptorHeapSegment.h">
      <Filter>Header Files</Filter>
    </ClInclude>
    <ClInclude Include="directx\descriptor_heap\DescriptorHeapSegmentManager.h">
      <Filter>Header Files</Filter>
    </ClInclude>
    <ClInclude Include="directx\descriptor_heap\GlobalDescriptorHeap.h">
      <Filter>Header Files</Filter>
    </ClInclude>
    <ClInclude Include="directx\descriptor_heap\GlobalDescriptorHeapManager.h">
      <Filter>Header Files</Filter>
    </ClInclude>
    <ClInclude Include="directx\descriptor_heap\ShaderGlobalDescriptorHeap.h">
      <Filter>Header Files</Filter>
    </ClInclude>
    <ClInclude Include="directx\Display.h">
      <Filter>Header Files</Filter>
    </ClInclude>
    <ClInclude Include="directx\DisplayMatrix.h">
      <Filter>Header Files</Filter>
    </ClInclude>
    <ClInclude Include="directx\DXDescriptorHeap.h">
      <Filter>Header Files</Filter>
    </ClInclude>
    <ClInclude Include="directx\DXEngine.h">
      <Filter>Header Files</Filter>
    </ClInclude>
    <ClInclude Include="directx\DXUtil.h">
      <Filter>Header Files</Filter>
    </ClInclude>
    <ClInclude Include="directx\model\PMDModel.h">
      <Filter>Header Files</Filter>
    </ClInclude>
    <ClInclude Include="directx\model\PMDRenderer.h">
      <Filter>Header Files</Filter>
    </ClInclude>
    <ClInclude Include="directx\resources\DXCommand.h">
      <Filter>Header Files</Filter>
    </ClInclude>
    <ClInclude Include="directx\resources\DXDevice.h">
      <Filter>Header Files</Filter>
    </ClInclude>
    <ClInclude Include="directx\resources\DXFactory.h">
      <Filter>Header Files</Filter>
    </ClInclude>
    <ClInclude Include="directx\resources\DXFence.h">
      <Filter>Header Files</Filter>
    </ClInclude>
    <ClInclude Include="Util.h">
      <Filter>Header Files</Filter>
    </ClInclude>
  </ItemGroup>
  <ItemGroup>
    <None Include="shaders\BaseHeader.hlsli" />
    <None Include="shaders\BasicShaderHeader.hlsli" />
  </ItemGroup>
</Project>