<?xml version="1.0" encoding="utf-8"?>
<Project ToolsVersion="4.0" xmlns="http://schemas.microsoft.com/developer/msbuild/2003">
  <ItemGroup>
    <Filter Include="ソース ファイル">
      <UniqueIdentifier>{4FC737F1-C7A5-4376-A066-2A32D752A2FF}</UniqueIdentifier>
      <Extensions>cpp;c;cc;cxx;c++;cppm;ixx;def;odl;idl;hpj;bat;asm;asmx</Extensions>
    </Filter>
    <Filter Include="ヘッダー ファイル">
      <UniqueIdentifier>{93995380-89BD-4b04-88EB-625FBE52EBFB}</UniqueIdentifier>
      <Extensions>h;hh;hpp;hxx;h++;hm;inl;inc;ipp;xsd</Extensions>
    </Filter>
    <Filter Include="リソース ファイル">
      <UniqueIdentifier>{67DA6AB6-F800-4c08-8B7A-83BB121AAD01}</UniqueIdentifier>
      <Extensions>rc;ico;cur;bmp;dlg;rc2;rct;bin;rgs;gif;jpg;jpeg;jpe;resx;tiff;tif;png;wav;mfcribbon-ms</Extensions>
    </Filter>
    <Filter Include="ソース ファイル\directx">
      <UniqueIdentifier>{47f90fed-d09b-4ef1-83d7-ced4720a2143}</UniqueIdentifier>
    </Filter>
    <Filter Include="ヘッダー ファイル\directx">
      <UniqueIdentifier>{4de10f32-6b59-4599-ac91-644df92bcdff}</UniqueIdentifier>
    </Filter>
  </ItemGroup>
  <ItemGroup>
    <ClInclude Include="Application.h">
      <Filter>ヘッダー ファイル</Filter>
    </ClInclude>
    <ClInclude Include="Util.h">
      <Filter>ヘッダー ファイル</Filter>
    </ClInclude>
    <ClInclude Include="directx\DXCommand.h">
      <Filter>ヘッダー ファイル\directx</Filter>
    </ClInclude>
    <ClInclude Include="directx\DXDevice.h">
      <Filter>ヘッダー ファイル\directx</Filter>
    </ClInclude>
    <ClInclude Include="directx\DXFactory.h">
      <Filter>ヘッダー ファイル\directx</Filter>
    </ClInclude>
    <ClInclude Include="directx\DXFence.h">
      <Filter>ヘッダー ファイル\directx</Filter>
    </ClInclude>
    <ClInclude Include="directx\DXEngine.h">
      <Filter>ヘッダー ファイル\directx</Filter>
    </ClInclude>
    <ClInclude Include="directx\DXUtil.h">
      <Filter>ヘッダー ファイル\directx</Filter>
    </ClInclude>
    <ClInclude Include="directx\PMDModel.h">
      <Filter>ヘッダー ファイル\directx</Filter>
    </ClInclude>
    <ClInclude Include="directx\DXWorld.h">
      <Filter>ヘッダー ファイル\directx</Filter>
    </ClInclude>
  </ItemGroup>
  <ItemGroup>
    <ClCompile Include="Util.cpp">
      <Filter>ソース ファイル</Filter>
    </ClCompile>
    <ClCompile Include="main.cpp">
      <Filter>ソース ファイル</Filter>
    </ClCompile>
    <ClCompile Include="Application.cpp">
      <Filter>ソース ファイル</Filter>
    </ClCompile>
    <ClCompile Include="directx\DXCommand.cpp">
      <Filter>ソース ファイル\directx</Filter>
    </ClCompile>
    <ClCompile Include="directx\DXDevice.cpp">
      <Filter>ソース ファイル\directx</Filter>
    </ClCompile>
    <ClCompile Include="directx\DXFactory.cpp">
      <Filter>ソース ファイル\directx</Filter>
    </ClCompile>
    <ClCompile Include="directx\DXFence.cpp">
      <Filter>ソース ファイル\directx</Filter>
    </ClCompile>
    <ClCompile Include="directx\DXEngine.cpp">
      <Filter>ソース ファイル\directx</Filter>
    </ClCompile>
    <ClCompile Include="directx\DXUtil.cpp">
      <Filter>ソース ファイル\directx</Filter>
    </ClCompile>
    <ClCompile Include="directx\PMDModel.cpp">
      <Filter>ソース ファイル\directx</Filter>
    </ClCompile>
    <ClCompile Include="directx\DXWorld.cpp">
      <Filter>ソース ファイル\directx</Filter>
    </ClCompile>
  </ItemGroup>
  <ItemGroup>
    <None Include="BasicShaderHeader.hlsli">
      <Filter>リソース ファイル</Filter>
    </None>
    <None Include="ClassDiagram.cd" />
  </ItemGroup>
  <ItemGroup>
    <FxCompile Include="BasicVertexShader.hlsl">
      <Filter>リソース ファイル</Filter>
    </FxCompile>
    <FxCompile Include="BasicPixelShader.hlsl">
      <Filter>リソース ファイル</Filter>
    </FxCompile>
  </ItemGroup>
</Project>