<?xml version="1.0" encoding="utf-8"?>
<Project ToolsVersion="4.0" xmlns="http://schemas.microsoft.com/developer/msbuild/2003">
  <ItemGroup>
    <Filter Include="ソース ファイル">
      <UniqueIdentifier>{4FC737F1-C7A5-4376-A066-2A32D752A2FF}</UniqueIdentifier>
      <Extensions>cpp;c;cc;cxx;c++;cppm;ixx;def;odl;idl;hpj;bat;asm;asmx</Extensions>
    </Filter>
    <Filter Include="ヘッダー ファイル">
      <UniqueIdentifier>{93995380-89BD-4b04-88EB-625FBE52EBFB}</UniqueIdentifier>
      <Extensions>h;hh;hpp;hxx;h++;hm;inl;inc;ipp;xsd</Extensions>
    </Filter>
    <Filter Include="リソース ファイル">
      <UniqueIdentifier>{67DA6AB6-F800-4c08-8B7A-83BB121AAD01}</UniqueIdentifier>
      <Extensions>rc;ico;cur;bmp;dlg;rc2;rct;bin;rgs;gif;jpg;jpeg;jpe;resx;tiff;tif;png;wav;mfcribbon-ms</Extensions>
    </Filter>
    <Filter Include="ソース ファイル\directx">
      <UniqueIdentifier>{474337b0-b3cc-4c23-9752-e9ac44a12b05}</UniqueIdentifier>
    </Filter>
    <Filter Include="ソース ファイル\directx\buffer">
      <UniqueIdentifier>{ee58806c-7892-4a78-9cd2-49f118f43374}</UniqueIdentifier>
    </Filter>
    <Filter Include="ソース ファイル\directx\resources">
      <UniqueIdentifier>{c55d649c-83ac-430d-b39b-bd085a0e6c37}</UniqueIdentifier>
    </Filter>
    <Filter Include="ソース ファイル\directx\model">
      <UniqueIdentifier>{63ffa256-b358-4788-ae17-28ee105b69a1}</UniqueIdentifier>
    </Filter>
    <Filter Include="ヘッダー ファイル\directx">
      <UniqueIdentifier>{7305ef94-f168-4c3f-add2-b87f7aa11529}</UniqueIdentifier>
    </Filter>
    <Filter Include="ヘッダー ファイル\directx\buffer">
      <UniqueIdentifier>{fdd4f867-497a-4bd2-b2d5-37a75e66e6d4}</UniqueIdentifier>
    </Filter>
    <Filter Include="ヘッダー ファイル\directx\model">
      <UniqueIdentifier>{9a89ec24-a9da-431a-81a2-c38dbed5f859}</UniqueIdentifier>
    </Filter>
    <Filter Include="ヘッダー ファイル\directx\resources">
      <UniqueIdentifier>{97ebe0c8-267b-4afe-ab3e-261bae04c30c}</UniqueIdentifier>
    </Filter>
  </ItemGroup>
  <ItemGroup>
    <ClInclude Include="Application.h">
      <Filter>ヘッダー ファイル</Filter>
    </ClInclude>
    <ClInclude Include="Util.h">
      <Filter>ヘッダー ファイル</Filter>
    </ClInclude>
    <ClInclude Include="directx\DXDescriptorHeap.h">
      <Filter>ヘッダー ファイル\directx</Filter>
    </ClInclude>
    <ClInclude Include="directx\DXEngine.h">
      <Filter>ヘッダー ファイル\directx</Filter>
    </ClInclude>
    <ClInclude Include="directx\DXUtil.h">
      <Filter>ヘッダー ファイル\directx</Filter>
    </ClInclude>
    <ClInclude Include="directx\GlobalDescriptorHeap.h">
      <Filter>ヘッダー ファイル\directx</Filter>
    </ClInclude>
    <ClInclude Include="directx\Display.h">
      <Filter>ヘッダー ファイル\directx</Filter>
    </ClInclude>
    <ClInclude Include="directx\DisplayMatrix.h">
      <Filter>ヘッダー ファイル\directx</Filter>
    </ClInclude>
    <ClInclude Include="directx\buffer\DepthStencilBuffer.h">
      <Filter>ヘッダー ファイル\directx\buffer</Filter>
    </ClInclude>
    <ClInclude Include="directx\buffer\DXBuffer.h">
      <Filter>ヘッダー ファイル\directx\buffer</Filter>
    </ClInclude>
    <ClInclude Include="directx\buffer\ConstantBuffer.h">
      <Filter>ヘッダー ファイル\directx\buffer</Filter>
    </ClInclude>
    <ClInclude Include="directx\model\PMDModel.h">
      <Filter>ヘッダー ファイル\directx\model</Filter>
    </ClInclude>
    <ClInclude Include="directx\model\PMDRenderer.h">
      <Filter>ヘッダー ファイル\directx\model</Filter>
    </ClInclude>
    <ClInclude Include="directx\resources\DXFactory.h">
      <Filter>ヘッダー ファイル\directx\resources</Filter>
    </ClInclude>
    <ClInclude Include="directx\resources\DXFence.h">
      <Filter>ヘッダー ファイル\directx\resources</Filter>
    </ClInclude>
    <ClInclude Include="directx\resources\DXCommand.h">
      <Filter>ヘッダー ファイル\directx\resources</Filter>
    </ClInclude>
    <ClInclude Include="directx\resources\DXDevice.h">
      <Filter>ヘッダー ファイル\directx\resources</Filter>
    </ClInclude>
  </ItemGroup>
  <ItemGroup>
    <ClCompile Include="main.cpp">
      <Filter>ソース ファイル</Filter>
    </ClCompile>
    <ClCompile Include="Util.cpp">
      <Filter>ソース ファイル</Filter>
    </ClCompile>
    <ClCompile Include="Application.cpp">
      <Filter>ソース ファイル</Filter>
    </ClCompile>
    <ClCompile Include="directx\DXDescriptorHeap.cpp">
      <Filter>ソース ファイル\directx</Filter>
    </ClCompile>
    <ClCompile Include="directx\DXEngine.cpp">
      <Filter>ソース ファイル\directx</Filter>
    </ClCompile>
    <ClCompile Include="directx\DXUtil.cpp">
      <Filter>ソース ファイル\directx</Filter>
    </ClCompile>
    <ClCompile Include="directx\GlobalDescriptorHeap.cpp">
      <Filter>ソース ファイル\directx</Filter>
    </ClCompile>
    <ClCompile Include="directx\Display.cpp">
      <Filter>ソース ファイル\directx</Filter>
    </ClCompile>
    <ClCompile Include="directx\DisplayMatrix.cpp">
      <Filter>ソース ファイル\directx</Filter>
    </ClCompile>
    <ClCompile Include="directx\buffer\DepthStencilBuffer.cpp">
      <Filter>ソース ファイル\directx\buffer</Filter>
    </ClCompile>
    <ClCompile Include="directx\buffer\DXBuffer.cpp">
      <Filter>ソース ファイル\directx\buffer</Filter>
    </ClCompile>
    <ClCompile Include="directx\buffer\ConstantBuffer.cpp">
      <Filter>ソース ファイル\directx\buffer</Filter>
    </ClCompile>
    <ClCompile Include="directx\model\PMDModel.cpp">
      <Filter>ソース ファイル\directx\model</Filter>
    </ClCompile>
    <ClCompile Include="directx\model\PMDRenderer.cpp">
      <Filter>ソース ファイル\directx\model</Filter>
    </ClCompile>
    <ClCompile Include="directx\resources\DXFence.cpp">
      <Filter>ソース ファイル\directx\resources</Filter>
    </ClCompile>
    <ClCompile Include="directx\resources\DXCommand.cpp">
      <Filter>ソース ファイル\directx\resources</Filter>
    </ClCompile>
    <ClCompile Include="directx\resources\DXDevice.cpp">
      <Filter>ソース ファイル\directx\resources</Filter>
    </ClCompile>
    <ClCompile Include="directx\resources\DXFactory.cpp">
      <Filter>ソース ファイル\directx\resources</Filter>
    </ClCompile>
  </ItemGroup>
  <ItemGroup>
    <FxCompile Include="shaders\BasicVertexShader.hlsl">
      <Filter>リソース ファイル</Filter>
    </FxCompile>
    <FxCompile Include="shaders\BasicPixelShader.hlsl">
      <Filter>リソース ファイル</Filter>
    </FxCompile>
    <FxCompile Include="shaders\BasePixelShader.hlsl" />
    <FxCompile Include="shaders\BaseVertexShader.hlsl" />
  </ItemGroup>
  <ItemGroup>
    <None Include="shaders\BasicShaderHeader.hlsli">
      <Filter>リソース ファイル</Filter>
    </None>
    <None Include="shaders\BaseHeader.hlsli" />
  </ItemGroup>
</Project>