
Microsoft Visual Studio Solution File, Format Version 12.00
# Visual Studio Version 17
VisualStudioVersion = 17.11.35327.3
MinimumVisualStudioVersion = 10.0.40219.1
Project("{8BC9CEB8-8B4A-11D0-8D11-00A0C91BC942}") = "texture", "texture\texture.vcxproj", "{E25DB78A-C4B7-4A58-881C-09BAE641C05D}"
EndProject
Project("{8BC9CEB8-8B4A-11D0-8D11-00A0C91BC942}") = "hellod3d", "hellod3d\hellod3d.vcxproj", "{FEFD96B4-E96E-43B4-BE2E-AB6431E3CB40}"
EndProject
Project("{8BC9CEB8-8B4A-11D0-8D11-00A0C91BC942}") = "Polygon", "Polygon\Polygon.vcxproj", "{EB96B690-AEC0-41BB-9485-0ECB2D437BD6}"
EndProject
Project("{8BC9CEB8-8B4A-11D0-8D11-00A0C91BC942}") = "transform", "transform\transform.vcxproj", "{97BFE174-232D-49CF-A152-AB9408028CFF}"
EndProject
Project("{8BC9CEB8-8B4A-11D0-8D11-00A0C91BC942}") = "pmd", "pmd\pmd.vcxproj", "{C61C2068-986C-4E14-991B-56E067CA9FF2}"
EndProject
Project("{8BC9CEB8-8B4A-11D0-8D11-00A0C91BC942}") = "material", "material\material.vcxproj", "{1484E24D-BE0A-4C8A-9ABC-B92F811CCDB1}"
EndProject
Project("{8BC9CEB8-8B4A-11D0-8D11-00A0C91BC942}") = "refactor", "refactor\refactor.vcxproj", "{D0504ACD-CB72-4629-9DEE-0484A2D3562B}"
EndProject
Project("{8BC9CEB8-8B4A-11D0-8D11-00A0C91BC942}") = "posing", "posing\posing.vcxproj", "{B70793E9-5643-4B48-8BC1-8294C5C743C9}"
EndProject
Project("{8BC9CEB8-8B4A-11D0-8D11-00A0C91BC942}") = "pmd2", "pmd2\pmd2.vcxproj", "{1301B6AE-FC92-4830-A354-69A29F8D83BD}"
EndProject
Project("{8BC9CEB8-8B4A-11D0-8D11-00A0C91BC942}") = "refactor2", "refactor2\refactor2.vcxproj", "{343211DF-B6AB-42F2-84C3-DFEA7A7EDEF5}"
EndProject
Project("{8BC9CEB8-8B4A-11D0-8D11-00A0C91BC942}") = "refactor3", "refactor3\refactor3.vcxproj", "{AC9D5629-6BD4-44BD-BBEF-8A8111F7B196}"
EndProject
Project("{8BC9CEB8-8B4A-11D0-8D11-00A0C91BC942}") = "posing2", "posing2\posing2.vcxproj", "{60BDA6CA-9AF8-4E79-A320-207BF28A74E7}"
EndProject
Project("{8BC9CEB8-8B4A-11D0-8D11-00A0C91BC942}") = "animation", "animation\animation.vcxproj", "{FC78DEBC-A2F0-4A2D-9FEE-E051C404D136}"
EndProject
Project("{8BC9CEB8-8B4A-11D0-8D11-00A0C91BC942}") = "iktest", "iktest\iktest.vcxproj", "{401E40F5-2596-4450-9293-E2A2FBE12C7B}"
EndProject
Project("{8BC9CEB8-8B4A-11D0-8D11-00A0C91BC942}") = "ik", "ik\ik.vcxproj", "{A53AC675-1E9D-4AFC-A73D-AB793EDD7FE8}"
EndProject
Project("{8BC9CEB8-8B4A-11D0-8D11-00A0C91BC942}") = "multipath", "multipath\multipath.vcxproj", "{F77750C0-26CB-4B2E-9F95-4ACB560B4B0E}"
EndProject
Project("{8BC9CEB8-8B4A-11D0-8D11-00A0C91BC942}") = "shadow", "shadow\shadow.vcxproj", "{7AF6909E-DCC6-4E92-A1E4-B62659E6EC75}"
EndProject
Project("{8BC9CEB8-8B4A-11D0-8D11-00A0C91BC942}") = "shadowmap", "shadowmap\shadowmap.vcxproj", "{B1BE08B7-802F-460F-A91C-54E9693F3D7F}"
EndProject
Project("{8BC9CEB8-8B4A-11D0-8D11-00A0C91BC942}") = "multipath2", "multipath2\multipath2.vcxproj", "{39D16ED8-3336-4574-9EA6-8D5A23BE294A}"
EndProject
Project("{8BC9CEB8-8B4A-11D0-8D11-00A0C91BC942}") = "shadowmap2", "shadowmap2\shadowmap2.vcxproj", "{E4F41B5A-3031-4207-B465-8AE14945146C}"
EndProject
Project("{8BC9CEB8-8B4A-11D0-8D11-00A0C91BC942}") = "computeshader", "computeshader\computeshader.vcxproj", "{E2625FF2-75E2-4930-AAE4-D0B55833A5CB}"
EndProject
Global
	GlobalSection(SolutionConfigurationPlatforms) = preSolution
		Debug|x64 = Debug|x64
		Debug|x86 = Debug|x86
		Release|x64 = Release|x64
		Release|x86 = Release|x86
	EndGlobalSection
	GlobalSection(ProjectConfigurationPlatforms) = postSolution
		{E25DB78A-C4B7-4A58-881C-09BAE641C05D}.Debug|x64.ActiveCfg = Debug|x64
		{E25DB78A-C4B7-4A58-881C-09BAE641C05D}.Debug|x64.Build.0 = Debug|x64
		{E25DB78A-C4B7-4A58-881C-09BAE641C05D}.Debug|x86.ActiveCfg = Debug|Win32
		{E25DB78A-C4B7-4A58-881C-09BAE641C05D}.Debug|x86.Build.0 = Debug|Win32
		{E25DB78A-C4B7-4A58-881C-09BAE641C05D}.Release|x64.ActiveCfg = Release|x64
		{E25DB78A-C4B7-4A58-881C-09BAE641C05D}.Release|x64.Build.0 = Release|x64
		{E25DB78A-C4B7-4A58-881C-09BAE641C05D}.Release|x86.ActiveCfg = Release|Win32
		{E25DB78A-C4B7-4A58-881C-09BAE641C05D}.Release|x86.Build.0 = Release|Win32
		{FEFD96B4-E96E-43B4-BE2E-AB6431E3CB40}.Debug|x64.ActiveCfg = Debug|x64
		{FEFD96B4-E96E-43B4-BE2E-AB6431E3CB40}.Debug|x64.Build.0 = Debug|x64
		{FEFD96B4-E96E-43B4-BE2E-AB6431E3CB40}.Debug|x86.ActiveCfg = Debug|Win32
		{FEFD96B4-E96E-43B4-BE2E-AB6431E3CB40}.Debug|x86.Build.0 = Debug|Win32
		{FEFD96B4-E96E-43B4-BE2E-AB6431E3CB40}.Release|x64.ActiveCfg = Release|x64
		{FEFD96B4-E96E-43B4-BE2E-AB6431E3CB40}.Release|x64.Build.0 = Release|x64
		{FEFD96B4-E96E-43B4-BE2E-AB6431E3CB40}.Release|x86.ActiveCfg = Release|Win32
		{FEFD96B4-E96E-43B4-BE2E-AB6431E3CB40}.Release|x86.Build.0 = Release|Win32
		{EB96B690-AEC0-41BB-9485-0ECB2D437BD6}.Debug|x64.ActiveCfg = Debug|x64
		{EB96B690-AEC0-41BB-9485-0ECB2D437BD6}.Debug|x64.Build.0 = Debug|x64
		{EB96B690-AEC0-41BB-9485-0ECB2D437BD6}.Debug|x86.ActiveCfg = Debug|Win32
		{EB96B690-AEC0-41BB-9485-0ECB2D437BD6}.Debug|x86.Build.0 = Debug|Win32
		{EB96B690-AEC0-41BB-9485-0ECB2D437BD6}.Release|x64.ActiveCfg = Release|x64
		{EB96B690-AEC0-41BB-9485-0ECB2D437BD6}.Release|x64.Build.0 = Release|x64
		{EB96B690-AEC0-41BB-9485-0ECB2D437BD6}.Release|x86.ActiveCfg = Release|Win32
		{EB96B690-AEC0-41BB-9485-0ECB2D437BD6}.Release|x86.Build.0 = Release|Win32
		{97BFE174-232D-49CF-A152-AB9408028CFF}.Debug|x64.ActiveCfg = Debug|x64
		{97BFE174-232D-49CF-A152-AB9408028CFF}.Debug|x64.Build.0 = Debug|x64
		{97BFE174-232D-49CF-A152-AB9408028CFF}.Debug|x86.ActiveCfg = Debug|Win32
		{97BFE174-232D-49CF-A152-AB9408028CFF}.Debug|x86.Build.0 = Debug|Win32
		{97BFE174-232D-49CF-A152-AB9408028CFF}.Release|x64.ActiveCfg = Release|x64
		{97BFE174-232D-49CF-A152-AB9408028CFF}.Release|x64.Build.0 = Release|x64
		{97BFE174-232D-49CF-A152-AB9408028CFF}.Release|x86.ActiveCfg = Release|Win32
		{97BFE174-232D-49CF-A152-AB9408028CFF}.Release|x86.Build.0 = Release|Win32
		{C61C2068-986C-4E14-991B-56E067CA9FF2}.Debug|x64.ActiveCfg = Debug|x64
		{C61C2068-986C-4E14-991B-56E067CA9FF2}.Debug|x64.Build.0 = Debug|x64
		{C61C2068-986C-4E14-991B-56E067CA9FF2}.Debug|x86.ActiveCfg = Debug|Win32
		{C61C2068-986C-4E14-991B-56E067CA9FF2}.Debug|x86.Build.0 = Debug|Win32
		{C61C2068-986C-4E14-991B-56E067CA9FF2}.Release|x64.ActiveCfg = Release|x64
		{C61C2068-986C-4E14-991B-56E067CA9FF2}.Release|x64.Build.0 = Release|x64
		{C61C2068-986C-4E14-991B-56E067CA9FF2}.Release|x86.ActiveCfg = Release|Win32
		{C61C2068-986C-4E14-991B-56E067CA9FF2}.Release|x86.Build.0 = Release|Win32
		{1484E24D-BE0A-4C8A-9ABC-B92F811CCDB1}.Debug|x64.ActiveCfg = Debug|x64
		{1484E24D-BE0A-4C8A-9ABC-B92F811CCDB1}.Debug|x64.Build.0 = Debug|x64
		{1484E24D-BE0A-4C8A-9ABC-B92F811CCDB1}.Debug|x86.ActiveCfg = Debug|Win32
		{1484E24D-BE0A-4C8A-9ABC-B92F811CCDB1}.Debug|x86.Build.0 = Debug|Win32
		{1484E24D-BE0A-4C8A-9ABC-B92F811CCDB1}.Release|x64.ActiveCfg = Release|x64
		{1484E24D-BE0A-4C8A-9ABC-B92F811CCDB1}.Release|x64.Build.0 = Release|x64
		{1484E24D-BE0A-4C8A-9ABC-B92F811CCDB1}.Release|x86.ActiveCfg = Release|Win32
		{1484E24D-BE0A-4C8A-9ABC-B92F811CCDB1}.Release|x86.Build.0 = Release|Win32
		{D0504ACD-CB72-4629-9DEE-0484A2D3562B}.Debug|x64.ActiveCfg = Debug|x64
		{D0504ACD-CB72-4629-9DEE-0484A2D3562B}.Debug|x64.Build.0 = Debug|x64
		{D0504ACD-CB72-4629-9DEE-0484A2D3562B}.Debug|x86.ActiveCfg = Debug|Win32
		{D0504ACD-CB72-4629-9DEE-0484A2D3562B}.Debug|x86.Build.0 = Debug|Win32
		{D0504ACD-CB72-4629-9DEE-0484A2D3562B}.Release|x64.ActiveCfg = Release|x64
		{D0504ACD-CB72-4629-9DEE-0484A2D3562B}.Release|x64.Build.0 = Release|x64
		{D0504ACD-CB72-4629-9DEE-0484A2D3562B}.Release|x86.ActiveCfg = Release|Win32
		{D0504ACD-CB72-4629-9DEE-0484A2D3562B}.Release|x86.Build.0 = Release|Win32
		{B70793E9-5643-4B48-8BC1-8294C5C743C9}.Debug|x64.ActiveCfg = Debug|x64
		{B70793E9-5643-4B48-8BC1-8294C5C743C9}.Debug|x64.Build.0 = Debug|x64
		{B70793E9-5643-4B48-8BC1-8294C5C743C9}.Debug|x86.ActiveCfg = Debug|Win32
		{B70793E9-5643-4B48-8BC1-8294C5C743C9}.Debug|x86.Build.0 = Debug|Win32
		{B70793E9-5643-4B48-8BC1-8294C5C743C9}.Release|x64.ActiveCfg = Release|x64
		{B70793E9-5643-4B48-8BC1-8294C5C743C9}.Release|x64.Build.0 = Release|x64
		{B70793E9-5643-4B48-8BC1-8294C5C743C9}.Release|x86.ActiveCfg = Release|Win32
		{B70793E9-5643-4B48-8BC1-8294C5C743C9}.Release|x86.Build.0 = Release|Win32
		{1301B6AE-FC92-4830-A354-69A29F8D83BD}.Debug|x64.ActiveCfg = Debug|x64
		{1301B6AE-FC92-4830-A354-69A29F8D83BD}.Debug|x64.Build.0 = Debug|x64
		{1301B6AE-FC92-4830-A354-69A29F8D83BD}.Debug|x86.ActiveCfg = Debug|Win32
		{1301B6AE-FC92-4830-A354-69A29F8D83BD}.Debug|x86.Build.0 = Debug|Win32
		{1301B6AE-FC92-4830-A354-69A29F8D83BD}.Release|x64.ActiveCfg = Release|x64
		{1301B6AE-FC92-4830-A354-69A29F8D83BD}.Release|x64.Build.0 = Release|x64
		{1301B6AE-FC92-4830-A354-69A29F8D83BD}.Release|x86.ActiveCfg = Release|Win32
		{1301B6AE-FC92-4830-A354-69A29F8D83BD}.Release|x86.Build.0 = Release|Win32
		{343211DF-B6AB-42F2-84C3-DFEA7A7EDEF5}.Debug|x64.ActiveCfg = Debug|x64
		{343211DF-B6AB-42F2-84C3-DFEA7A7EDEF5}.Debug|x64.Build.0 = Debug|x64
		{343211DF-B6AB-42F2-84C3-DFEA7A7EDEF5}.Debug|x86.ActiveCfg = Debug|Win32
		{343211DF-B6AB-42F2-84C3-DFEA7A7EDEF5}.Debug|x86.Build.0 = Debug|Win32
		{343211DF-B6AB-42F2-84C3-DFEA7A7EDEF5}.Release|x64.ActiveCfg = Release|x64
		{343211DF-B6AB-42F2-84C3-DFEA7A7EDEF5}.Release|x64.Build.0 = Release|x64
		{343211DF-B6AB-42F2-84C3-DFEA7A7EDEF5}.Release|x86.ActiveCfg = Release|Win32
		{343211DF-B6AB-42F2-84C3-DFEA7A7EDEF5}.Release|x86.Build.0 = Release|Win32
		{AC9D5629-6BD4-44BD-BBEF-8A8111F7B196}.Debug|x64.ActiveCfg = Debug|x64
		{AC9D5629-6BD4-44BD-BBEF-8A8111F7B196}.Debug|x64.Build.0 = Debug|x64
		{AC9D5629-6BD4-44BD-BBEF-8A8111F7B196}.Debug|x86.ActiveCfg = Debug|Win32
		{AC9D5629-6BD4-44BD-BBEF-8A8111F7B196}.Debug|x86.Build.0 = Debug|Win32
		{AC9D5629-6BD4-44BD-BBEF-8A8111F7B196}.Release|x64.ActiveCfg = Release|x64
		{AC9D5629-6BD4-44BD-BBEF-8A8111F7B196}.Release|x64.Build.0 = Release|x64
		{AC9D5629-6BD4-44BD-BBEF-8A8111F7B196}.Release|x86.ActiveCfg = Release|Win32
		{AC9D5629-6BD4-44BD-BBEF-8A8111F7B196}.Release|x86.Build.0 = Release|Win32
		{60BDA6CA-9AF8-4E79-A320-207BF28A74E7}.Debug|x64.ActiveCfg = Debug|x64
		{60BDA6CA-9AF8-4E79-A320-207BF28A74E7}.Debug|x64.Build.0 = Debug|x64
		{60BDA6CA-9AF8-4E79-A320-207BF28A74E7}.Debug|x86.ActiveCfg = Debug|Win32
		{60BDA6CA-9AF8-4E79-A320-207BF28A74E7}.Debug|x86.Build.0 = Debug|Win32
		{60BDA6CA-9AF8-4E79-A320-207BF28A74E7}.Release|x64.ActiveCfg = Release|x64
		{60BDA6CA-9AF8-4E79-A320-207BF28A74E7}.Release|x64.Build.0 = Release|x64
		{60BDA6CA-9AF8-4E79-A320-207BF28A74E7}.Release|x86.ActiveCfg = Release|Win32
		{60BDA6CA-9AF8-4E79-A320-207BF28A74E7}.Release|x86.Build.0 = Release|Win32
		{FC78DEBC-A2F0-4A2D-9FEE-E051C404D136}.Debug|x64.ActiveCfg = Debug|x64
		{FC78DEBC-A2F0-4A2D-9FEE-E051C404D136}.Debug|x64.Build.0 = Debug|x64
		{FC78DEBC-A2F0-4A2D-9FEE-E051C404D136}.Debug|x86.ActiveCfg = Debug|Win32
		{FC78DEBC-A2F0-4A2D-9FEE-E051C404D136}.Debug|x86.Build.0 = Debug|Win32
		{FC78DEBC-A2F0-4A2D-9FEE-E051C404D136}.Release|x64.ActiveCfg = Release|x64
		{FC78DEBC-A2F0-4A2D-9FEE-E051C404D136}.Release|x64.Build.0 = Release|x64
		{FC78DEBC-A2F0-4A2D-9FEE-E051C404D136}.Release|x86.ActiveCfg = Release|Win32
		{FC78DEBC-A2F0-4A2D-9FEE-E051C404D136}.Release|x86.Build.0 = Release|Win32
		{401E40F5-2596-4450-9293-E2A2FBE12C7B}.Debug|x64.ActiveCfg = Debug|x64
		{401E40F5-2596-4450-9293-E2A2FBE12C7B}.Debug|x64.Build.0 = Debug|x64
		{401E40F5-2596-4450-9293-E2A2FBE12C7B}.Debug|x86.ActiveCfg = Debug|Win32
		{401E40F5-2596-4450-9293-E2A2FBE12C7B}.Debug|x86.Build.0 = Debug|Win32
		{401E40F5-2596-4450-9293-E2A2FBE12C7B}.Release|x64.ActiveCfg = Release|x64
		{401E40F5-2596-4450-9293-E2A2FBE12C7B}.Release|x64.Build.0 = Release|x64
		{401E40F5-2596-4450-9293-E2A2FBE12C7B}.Release|x86.ActiveCfg = Release|Win32
		{401E40F5-2596-4450-9293-E2A2FBE12C7B}.Release|x86.Build.0 = Release|Win32
		{A53AC675-1E9D-4AFC-A73D-AB793EDD7FE8}.Debug|x64.ActiveCfg = Debug|x64
		{A53AC675-1E9D-4AFC-A73D-AB793EDD7FE8}.Debug|x64.Build.0 = Debug|x64
		{A53AC675-1E9D-4AFC-A73D-AB793EDD7FE8}.Debug|x86.ActiveCfg = Debug|Win32
		{A53AC675-1E9D-4AFC-A73D-AB793EDD7FE8}.Debug|x86.Build.0 = Debug|Win32
		{A53AC675-1E9D-4AFC-A73D-AB793EDD7FE8}.Release|x64.ActiveCfg = Release|x64
		{A53AC675-1E9D-4AFC-A73D-AB793EDD7FE8}.Release|x64.Build.0 = Release|x64
		{A53AC675-1E9D-4AFC-A73D-AB793EDD7FE8}.Release|x86.ActiveCfg = Release|Win32
		{A53AC675-1E9D-4AFC-A73D-AB793EDD7FE8}.Release|x86.Build.0 = Release|Win32
		{F77750C0-26CB-4B2E-9F95-4ACB560B4B0E}.Debug|x64.ActiveCfg = Debug|x64
		{F77750C0-26CB-4B2E-9F95-4ACB560B4B0E}.Debug|x64.Build.0 = Debug|x64
		{F77750C0-26CB-4B2E-9F95-4ACB560B4B0E}.Debug|x86.ActiveCfg = Debug|Win32
		{F77750C0-26CB-4B2E-9F95-4ACB560B4B0E}.Debug|x86.Build.0 = Debug|Win32
		{F77750C0-26CB-4B2E-9F95-4ACB560B4B0E}.Release|x64.ActiveCfg = Release|x64
		{F77750C0-26CB-4B2E-9F95-4ACB560B4B0E}.Release|x64.Build.0 = Release|x64
		{F77750C0-26CB-4B2E-9F95-4ACB560B4B0E}.Release|x86.ActiveCfg = Release|Win32
		{F77750C0-26CB-4B2E-9F95-4ACB560B4B0E}.Release|x86.Build.0 = Release|Win32
		{7AF6909E-DCC6-4E92-A1E4-B62659E6EC75}.Debug|x64.ActiveCfg = Debug|x64
		{7AF6909E-DCC6-4E92-A1E4-B62659E6EC75}.Debug|x64.Build.0 = Debug|x64
		{7AF6909E-DCC6-4E92-A1E4-B62659E6EC75}.Debug|x86.ActiveCfg = Debug|Win32
		{7AF6909E-DCC6-4E92-A1E4-B62659E6EC75}.Debug|x86.Build.0 = Debug|Win32
		{7AF6909E-DCC6-4E92-A1E4-B62659E6EC75}.Release|x64.ActiveCfg = Release|x64
		{7AF6909E-DCC6-4E92-A1E4-B62659E6EC75}.Release|x64.Build.0 = Release|x64
		{7AF6909E-DCC6-4E92-A1E4-B62659E6EC75}.Release|x86.ActiveCfg = Release|Win32
		{7AF6909E-DCC6-4E92-A1E4-B62659E6EC75}.Release|x86.Build.0 = Release|Win32
		{B1BE08B7-802F-460F-A91C-54E9693F3D7F}.Debug|x64.ActiveCfg = Debug|x64
		{B1BE08B7-802F-460F-A91C-54E9693F3D7F}.Debug|x64.Build.0 = Debug|x64
		{B1BE08B7-802F-460F-A91C-54E9693F3D7F}.Debug|x86.ActiveCfg = Debug|Win32
		{B1BE08B7-802F-460F-A91C-54E9693F3D7F}.Debug|x86.Build.0 = Debug|Win32
		{B1BE08B7-802F-460F-A91C-54E9693F3D7F}.Release|x64.ActiveCfg = Release|x64
		{B1BE08B7-802F-460F-A91C-54E9693F3D7F}.Release|x64.Build.0 = Release|x64
		{B1BE08B7-802F-460F-A91C-54E9693F3D7F}.Release|x86.ActiveCfg = Release|Win32
		{B1BE08B7-802F-460F-A91C-54E9693F3D7F}.Release|x86.Build.0 = Release|Win32
		{39D16ED8-3336-4574-9EA6-8D5A23BE294A}.Debug|x64.ActiveCfg = Debug|x64
		{39D16ED8-3336-4574-9EA6-8D5A23BE294A}.Debug|x64.Build.0 = Debug|x64
		{39D16ED8-3336-4574-9EA6-8D5A23BE294A}.Debug|x86.ActiveCfg = Debug|Win32
		{39D16ED8-3336-4574-9EA6-8D5A23BE294A}.Debug|x86.Build.0 = Debug|Win32
		{39D16ED8-3336-4574-9EA6-8D5A23BE294A}.Release|x64.ActiveCfg = Release|x64
		{39D16ED8-3336-4574-9EA6-8D5A23BE294A}.Release|x64.Build.0 = Release|x64
		{39D16ED8-3336-4574-9EA6-8D5A23BE294A}.Release|x86.ActiveCfg = Release|Win32
		{39D16ED8-3336-4574-9EA6-8D5A23BE294A}.Release|x86.Build.0 = Release|Win32
		{E4F41B5A-3031-4207-B465-8AE14945146C}.Debug|x64.ActiveCfg = Debug|x64
		{E4F41B5A-3031-4207-B465-8AE14945146C}.Debug|x64.Build.0 = Debug|x64
		{E4F41B5A-3031-4207-B465-8AE14945146C}.Debug|x86.ActiveCfg = Debug|Win32
		{E4F41B5A-3031-4207-B465-8AE14945146C}.Debug|x86.Build.0 = Debug|Win32
		{E4F41B5A-3031-4207-B465-8AE14945146C}.Release|x64.ActiveCfg = Release|x64
		{E4F41B5A-3031-4207-B465-8AE14945146C}.Release|x64.Build.0 = Release|x64
		{E4F41B5A-3031-4207-B465-8AE14945146C}.Release|x86.ActiveCfg = Release|Win32
		{E4F41B5A-3031-4207-B465-8AE14945146C}.Release|x86.Build.0 = Release|Win32
		{E2625FF2-75E2-4930-AAE4-D0B55833A5CB}.Debug|x64.ActiveCfg = Debug|x64
		{E2625FF2-75E2-4930-AAE4-D0B55833A5CB}.Debug|x64.Build.0 = Debug|x64
		{E2625FF2-75E2-4930-AAE4-D0B55833A5CB}.Debug|x86.ActiveCfg = Debug|Win32
		{E2625FF2-75E2-4930-AAE4-D0B55833A5CB}.Debug|x86.Build.0 = Debug|Win32
		{E2625FF2-75E2-4930-AAE4-D0B55833A5CB}.Release|x64.ActiveCfg = Release|x64
		{E2625FF2-75E2-4930-AAE4-D0B55833A5CB}.Release|x64.Build.0 = Release|x64
		{E2625FF2-75E2-4930-AAE4-D0B55833A5CB}.Release|x86.ActiveCfg = Release|Win32
		{E2625FF2-75E2-4930-AAE4-D0B55833A5CB}.Release|x86.Build.0 = Release|Win32
	EndGlobalSection
	GlobalSection(SolutionProperties) = preSolution
		HideSolutionNode = FALSE
	EndGlobalSection
	GlobalSection(ExtensibilityGlobals) = postSolution
		SolutionGuid = {119F6AE9-51A2-467D-BBCA-58BCBD1EA2DA}
	EndGlobalSection
EndGlobal
